
Microsoft Visual Studio Solution File, Format Version 12.00
# Visual Studio Version 16
VisualStudioVersion = 16.0.29920.165
MinimumVisualStudioVersion = 10.0.40219.1
Project("{FAE04EC0-301F-11D3-BF4B-00C04F79EFBC}") = "Kenose", "Kenose.csproj", "{3E090C36-75EA-43C5-B7AB-D3F5FE5AAAB3}"
EndProject
Global
	GlobalSection(SolutionConfigurationPlatforms) = preSolution
		Debug|Any CPU = Debug|Any CPU
		Release|Any CPU = Release|Any CPU
	EndGlobalSection
	GlobalSection(ProjectConfigurationPlatforms) = postSolution
		{3E090C36-75EA-43C5-B7AB-D3F5FE5AAAB3}.Debug|Any CPU.ActiveCfg = Debug|Any CPU
		{3E090C36-75EA-43C5-B7AB-D3F5FE5AAAB3}.Debug|Any CPU.Build.0 = Debug|Any CPU
		{3E090C36-75EA-43C5-B7AB-D3F5FE5AAAB3}.Release|Any CPU.ActiveCfg = Release|Any CPU
		{3E090C36-75EA-43C5-B7AB-D3F5FE5AAAB3}.Release|Any CPU.Build.0 = Release|Any CPU
	EndGlobalSection
	GlobalSection(SolutionProperties) = preSolution
		HideSolutionNode = FALSE
	EndGlobalSection
	GlobalSection(ExtensibilityGlobals) = postSolution
		SolutionGuid = {BBCFAD71-5B16-412F-B626-24CE8A514961}
	EndGlobalSection
EndGlobal
